{
  "originHash" : "2f5dfc7a027dca540f15f9754d4cfd874a9746105b02ccf7f7f0cf58256c74fb",
  "pins" : [
    {
      "identity" : "nuxie-ios",
      "kind" : "remoteSourceControl",
      "location" : "https://github.com/nuxieai/nuxie-ios.git",
      "state" : {
        "revision" : "1e6970f306a9dac2ed567a239bf0e64a83e2d7cc"
      }
    }
  ],
  "version" : 3
}
