{
  "originHash" : "2f5dfc7a027dca540f15f9754d4cfd874a9746105b02ccf7f7f0cf58256c74fb",
  "pins" : [
    {
      "identity" : "nuxie-ios",
      "kind" : "remoteSourceControl",
      "location" : "https://github.com/nuxieai/nuxie-ios.git",
      "state" : {
        "revision" : "b379b06ff0e1df0bf3d9325309518b282c0a766b"
      }
    }
  ],
  "version" : 3
}
