{
  "originHash" : "2f5dfc7a027dca540f15f9754d4cfd874a9746105b02ccf7f7f0cf58256c74fb",
  "pins" : [
    {
      "identity" : "nuxie-ios",
      "kind" : "remoteSourceControl",
      "location" : "https://github.com/nuxieai/nuxie-ios.git",
      "state" : {
        "revision" : "7fb80bb4d6a933286f7a8d0f89b3547395e84508"
      }
    }
  ],
  "version" : 3
}
